
Microsoft Visual Studio Solution File, Format Version 12.00
# Visual Studio Version 17
VisualStudioVersion = 17.0.31903.59
MinimumVisualStudioVersion = 10.0.40219.1
Project("{2150E333-8FDC-42A3-9474-1A3956D46DE8}") = "src", "src", "{B66ABCA7-D6AF-456C-A55B-EC3E0D07F46B}"
EndProject
Project("{FAE04EC0-301F-11D3-BF4B-00C04F79EFBC}") = "BasicDarcInfo", "src\BasicDarcInfo\BasicDarcInfo.csproj", "{BF6A2F91-B4FF-4C44-9360-14B6C2BF6CF2}"
EndProject
Global
	GlobalSection(SolutionConfigurationPlatforms) = preSolution
		Debug|Any CPU = Debug|Any CPU
		Release|Any CPU = Release|Any CPU
	EndGlobalSection
	GlobalSection(SolutionProperties) = preSolution
		HideSolutionNode = FALSE
	EndGlobalSection
	GlobalSection(ProjectConfigurationPlatforms) = postSolution
		{BF6A2F91-B4FF-4C44-9360-14B6C2BF6CF2}.Debug|Any CPU.ActiveCfg = Debug|Any CPU
		{BF6A2F91-B4FF-4C44-9360-14B6C2BF6CF2}.Debug|Any CPU.Build.0 = Debug|Any CPU
		{BF6A2F91-B4FF-4C44-9360-14B6C2BF6CF2}.Release|Any CPU.ActiveCfg = Release|Any CPU
		{BF6A2F91-B4FF-4C44-9360-14B6C2BF6CF2}.Release|Any CPU.Build.0 = Release|Any CPU
	EndGlobalSection
	GlobalSection(NestedProjects) = preSolution
		{BF6A2F91-B4FF-4C44-9360-14B6C2BF6CF2} = {B66ABCA7-D6AF-456C-A55B-EC3E0D07F46B}
	EndGlobalSection
EndGlobal
